
Microsoft Visual Studio Solution File, Format Version 12.00
# Visual Studio Version 17
VisualStudioVersion = 17.5.002.0
MinimumVisualStudioVersion = 10.0.40219.1
Project("{9A19103F-16F7-4668-BE54-9A1E7A4F7556}") = "projects-api", "projects-api.csproj", "{915619A9-09D4-40E0-B74E-44D5F22626FC}"
EndProject
Global
	GlobalSection(SolutionConfigurationPlatforms) = preSolution
		Debug|Any CPU = Debug|Any CPU
		Release|Any CPU = Release|Any CPU
	EndGlobalSection
	GlobalSection(ProjectConfigurationPlatforms) = postSolution
		{915619A9-09D4-40E0-B74E-44D5F22626FC}.Debug|Any CPU.ActiveCfg = Debug|Any CPU
		{915619A9-09D4-40E0-B74E-44D5F22626FC}.Debug|Any CPU.Build.0 = Debug|Any CPU
		{915619A9-09D4-40E0-B74E-44D5F22626FC}.Release|Any CPU.ActiveCfg = Release|Any CPU
		{915619A9-09D4-40E0-B74E-44D5F22626FC}.Release|Any CPU.Build.0 = Release|Any CPU
	EndGlobalSection
	GlobalSection(SolutionProperties) = preSolution
		HideSolutionNode = FALSE
	EndGlobalSection
	GlobalSection(ExtensibilityGlobals) = postSolution
		SolutionGuid = {012A49A8-E9A1-4BDC-8649-9BB616E96A06}
	EndGlobalSection
EndGlobal
